nodes:
  - ref_id: ignore-block
    kind: component
    summary: "The generated working set under .beadloom/ and the one-time .gitignore block naming it (written by init, never rewritten)"
    source: src/beadloom/onboarding/ignore_block.py
    docs:
      - docs/domains/onboarding/components/ignore-block/DOC.md
edges:
  - src: ignore-block
    dst: onboarding
    kind: part_of
